// !$*UTF8*$!
{
	archiveVersion = 1;
	classes = {
	};
	objectVersion = 50;
	objects = {

/* Begin PBXBuildFile section */
		020D750125C0A1A90016448E /* AppDelegate.swift in Sources */ = {isa = PBXBuildFile; fileRef = 020D750025C0A1A90016448E /* AppDelegate.swift */; };
		020D750325C0A1A90016448E /* SceneDelegate.swift in Sources */ = {isa = PBXBuildFile; fileRef = 020D750225C0A1A90016448E /* SceneDelegate.swift */; };
		020D750525C0A1A90016448E /* ViewController.swift in Sources */ = {isa = PBXBuildFile; fileRef = 020D750425C0A1A90016448E /* ViewController.swift */; };
		020D750825C0A1A90016448E /* Main.storyboard in Resources */ = {isa = PBXBuildFile; fileRef = 020D750625C0A1A90016448E /* Main.storyboard */; };
		020D750B25C0A1A90016448E /* NotebooksApp.xcdatamodeld in Sources */ = {isa = PBXBuildFile; fileRef = 020D750925C0A1A90016448E /* NotebooksApp.xcdatamodeld */; };
		020D750D25C0A1AA0016448E /* Assets.xcassets in Resources */ = {isa = PBXBuildFile; fileRef = 020D750C25C0A1AA0016448E /* Assets.xcassets */; };
		020D751025C0A1AA0016448E /* LaunchScreen.storyboard in Resources */ = {isa = PBXBuildFile; fileRef = 020D750E25C0A1AA0016448E /* LaunchScreen.storyboard */; };
		02563B4725C715D4004B565F /* DataController.swift in Sources */ = {isa = PBXBuildFile; fileRef = 02563B4625C715D4004B565F /* DataController.swift */; };
		02563B5225C71EA7004B565F /* NotebooksAppTests.swift in Sources */ = {isa = PBXBuildFile; fileRef = 02563B5125C71EA7004B565F /* NotebooksAppTests.swift */; };
/* End PBXBuildFile section */

/* Begin PBXContainerItemProxy section */
		02563B5425C71EA7004B565F /* PBXContainerItemProxy */ = {
			isa = PBXContainerItemProxy;
			containerPortal = 020D74F525C0A1A80016448E /* Project object */;
			proxyType = 1;
			remoteGlobalIDString = 020D74FC25C0A1A90016448E;
			remoteInfo = NotebooksApp;
		};
/* End PBXContainerItemProxy section */

/* Begin PBXFileReference section */
		020D74FD25C0A1A90016448E /* NotebooksApp.app */ = {isa = PBXFileReference; explicitFileType = wrapper.application; includeInIndex = 0; path = NotebooksApp.app; sourceTree = BUILT_PRODUCTS_DIR; };
		020D750025C0A1A90016448E /* AppDelegate.swift */ = {isa = PBXFileReference; lastKnownFileType = sourcecode.swift; path = AppDelegate.swift; sourceTree = "<group>"; };
		020D750225C0A1A90016448E /* SceneDelegate.swift */ = {isa = PBXFileReference; lastKnownFileType = sourcecode.swift; path = SceneDelegate.swift; sourceTree = "<group>"; };
		020D750425C0A1A90016448E /* ViewController.swift */ = {isa = PBXFileReference; lastKnownFileType = sourcecode.swift; path = ViewController.swift; sourceTree = "<group>"; };
		020D750725C0A1A90016448E /* Base */ = {isa = PBXFileReference; lastKnownFileType = file.storyboard; name = Base; path = Base.lproj/Main.storyboard; sourceTree = "<group>"; };
		020D750A25C0A1A90016448E /* NotebooksApp.xcdatamodel */ = {isa = PBXFileReference; lastKnownFileType = wrapper.xcdatamodel; path = NotebooksApp.xcdatamodel; sourceTree = "<group>"; };
		020D750C25C0A1AA0016448E /* Assets.xcassets */ = {isa = PBXFileReference; lastKnownFileType = folder.assetcatalog; path = Assets.xcassets; sourceTree = "<group>"; };
		020D750F25C0A1AA0016448E /* Base */ = {isa = PBXFileReference; lastKnownFileType = file.storyboard; name = Base; path = Base.lproj/LaunchScreen.storyboard; sourceTree = "<group>"; };
		020D751125C0A1AA0016448E /* Info.plist */ = {isa = PBXFileReference; lastKnownFileType = text.plist.xml; path = Info.plist; sourceTree = "<group>"; };
		02563B4625C715D4004B565F /* DataController.swift */ = {isa = PBXFileReference; lastKnownFileType = sourcecode.swift; path = DataController.swift; sourceTree = "<group>"; };
		02563B4F25C71EA7004B565F /* NotebooksAppTests.xctest */ = {isa = PBXFileReference; explicitFileType = wrapper.cfbundle; includeInIndex = 0; path = NotebooksAppTests.xctest; sourceTree = BUILT_PRODUCTS_DIR; };
		02563B5125C71EA7004B565F /* NotebooksAppTests.swift */ = {isa = PBXFileReference; lastKnownFileType = sourcecode.swift; path = NotebooksAppTests.swift; sourceTree = "<group>"; };
		02563B5325C71EA7004B565F /* Info.plist */ = {isa = PBXFileReference; lastKnownFileType = text.plist.xml; path = Info.plist; sourceTree = "<group>"; };
/* End PBXFileReference section */

/* Begin PBXFrameworksBuildPhase section */
		020D74FA25C0A1A90016448E /* Frameworks */ = {
			isa = PBXFrameworksBuildPhase;
			buildActionMask = 2147483647;
			files = (
			);
			runOnlyForDeploymentPostprocessing = 0;
		};
		02563B4C25C71EA7004B565F /* Frameworks */ = {
			isa = PBXFrameworksBuildPhase;
			buildActionMask = 2147483647;
			files = (
			);
			runOnlyForDeploymentPostprocessing = 0;
		};
/* End PBXFrameworksBuildPhase section */

/* Begin PBXGroup section */
		020D74F425C0A1A80016448E = {
			isa = PBXGroup;
			children = (
				020D74FF25C0A1A90016448E /* NotebooksApp */,
				02563B5025C71EA7004B565F /* NotebooksAppTests */,
				020D74FE25C0A1A90016448E /* Products */,
			);
			sourceTree = "<group>";
		};
		020D74FE25C0A1A90016448E /* Products */ = {
			isa = PBXGroup;
			children = (
				020D74FD25C0A1A90016448E /* NotebooksApp.app */,
				02563B4F25C71EA7004B565F /* NotebooksAppTests.xctest */,
			);
			name = Products;
			sourceTree = "<group>";
		};
		020D74FF25C0A1A90016448E /* NotebooksApp */ = {
			isa = PBXGroup;
			children = (
				02563B4625C715D4004B565F /* DataController.swift */,
				020D750025C0A1A90016448E /* AppDelegate.swift */,
				020D750225C0A1A90016448E /* SceneDelegate.swift */,
				020D750425C0A1A90016448E /* ViewController.swift */,
				020D750625C0A1A90016448E /* Main.storyboard */,
				020D750C25C0A1AA0016448E /* Assets.xcassets */,
				020D750E25C0A1AA0016448E /* LaunchScreen.storyboard */,
				020D751125C0A1AA0016448E /* Info.plist */,
				020D750925C0A1A90016448E /* NotebooksApp.xcdatamodeld */,
			);
			path = NotebooksApp;
			sourceTree = "<group>";
		};
		02563B5025C71EA7004B565F /* NotebooksAppTests */ = {
			isa = PBXGroup;
			children = (
				02563B5125C71EA7004B565F /* NotebooksAppTests.swift */,
				02563B5325C71EA7004B565F /* Info.plist */,
			);
			path = NotebooksAppTests;
			sourceTree = "<group>";
		};
/* End PBXGroup section */

/* Begin PBXNativeTarget section */
		020D74FC25C0A1A90016448E /* NotebooksApp */ = {
			isa = PBXNativeTarget;
			buildConfigurationList = 020D751425C0A1AA0016448E /* Build configuration list for PBXNativeTarget "NotebooksApp" */;
			buildPhases = (
				020D74F925C0A1A90016448E /* Sources */,
				020D74FA25C0A1A90016448E /* Frameworks */,
				020D74FB25C0A1A90016448E /* Resources */,
			);
			buildRules = (
			);
			dependencies = (
			);
			name = NotebooksApp;
			productName = NotebooksApp;
			productReference = 020D74FD25C0A1A90016448E /* NotebooksApp.app */;
			productType = "com.apple.product-type.application";
		};
		02563B4E25C71EA7004B565F /* NotebooksAppTests */ = {
			isa = PBXNativeTarget;
			buildConfigurationList = 02563B5825C71EA7004B565F /* Build configuration list for PBXNativeTarget "NotebooksAppTests" */;
			buildPhases = (
				02563B4B25C71EA7004B565F /* Sources */,
				02563B4C25C71EA7004B565F /* Frameworks */,
				02563B4D25C71EA7004B565F /* Resources */,
			);
			buildRules = (
			);
			dependencies = (
				02563B5525C71EA7004B565F /* PBXTargetDependency */,
			);
			name = NotebooksAppTests;
			productName = NotebooksAppTests;
			productReference = 02563B4F25C71EA7004B565F /* NotebooksAppTests.xctest */;
			productType = "com.apple.product-type.bundle.unit-test";
		};
/* End PBXNativeTarget section */

/* Begin PBXProject section */
		020D74F525C0A1A80016448E /* Project object */ = {
			isa = PBXProject;
			attributes = {
				LastSwiftUpdateCheck = 1220;
				LastUpgradeCheck = 1220;
				TargetAttributes = {
					020D74FC25C0A1A90016448E = {
						CreatedOnToolsVersion = 12.2;
					};
					02563B4E25C71EA7004B565F = {
						CreatedOnToolsVersion = 12.2;
						TestTargetID = 020D74FC25C0A1A90016448E;
					};
				};
			};
			buildConfigurationList = 020D74F825C0A1A80016448E /* Build configuration list for PBXProject "NotebooksApp" */;
			compatibilityVersion = "Xcode 9.3";
			developmentRegion = en;
			hasScannedForEncodings = 0;
			knownRegions = (
				en,
				Base,
			);
			mainGroup = 020D74F425C0A1A80016448E;
			productRefGroup = 020D74FE25C0A1A90016448E /* Products */;
			projectDirPath = "";
			projectRoot = "";
			targets = (
				020D74FC25C0A1A90016448E /* NotebooksApp */,
				02563B4E25C71EA7004B565F /* NotebooksAppTests */,
			);
		};
/* End PBXProject section */

/* Begin PBXResourcesBuildPhase section */
		020D74FB25C0A1A90016448E /* Resources */ = {
			isa = PBXResourcesBuildPhase;
			buildActionMask = 2147483647;
			files = (
				020D751025C0A1AA0016448E /* LaunchScreen.storyboard in Resources */,
				020D750D25C0A1AA0016448E /* Assets.xcassets in Resources */,
				020D750825C0A1A90016448E /* Main.storyboard in Resources */,
			);
			runOnlyForDeploymentPostprocessing = 0;
		};
		02563B4D25C71EA7004B565F /* Resources */ = {
			isa = PBXResourcesBuildPhase;
			buildActionMask = 2147483647;
			files = (
			);
			runOnlyForDeploymentPostprocessing = 0;
		};
/* End PBXResourcesBuildPhase section */

/* Begin PBXSourcesBuildPhase section */
		020D74F925C0A1A90016448E /* Sources */ = {
			isa = PBXSourcesBuildPhase;
			buildActionMask = 2147483647;
			files = (
				02563B4725C715D4004B565F /* DataController.swift in Sources */,
				020D750525C0A1A90016448E /* ViewController.swift in Sources */,
				020D750125C0A1A90016448E /* AppDelegate.swift in Sources */,
				020D750B25C0A1A90016448E /* NotebooksApp.xcdatamodeld in Sources */,
				020D750325C0A1A90016448E /* SceneDelegate.swift in Sources */,
			);
			runOnlyForDeploymentPostprocessing = 0;
		};
		02563B4B25C71EA7004B565F /* Sources */ = {
			isa = PBXSourcesBuildPhase;
			buildActionMask = 2147483647;
			files = (
				02563B5225C71EA7004B565F /* NotebooksAppTests.swift in Sources */,
			);
			runOnlyForDeploymentPostprocessing = 0;
		};
/* End PBXSourcesBuildPhase section */

/* Begin PBXTargetDependency section */
		02563B5525C71EA7004B565F /* PBXTargetDependency */ = {
			isa = PBXTargetDependency;
			target = 020D74FC25C0A1A90016448E /* NotebooksApp */;
			targetProxy = 02563B5425C71EA7004B565F /* PBXContainerItemProxy */;
		};
/* End PBXTargetDependency section */

/* Begin PBXVariantGroup section */
		020D750625C0A1A90016448E /* Main.storyboard */ = {
			isa = PBXVariantGroup;
			children = (
				020D750725C0A1A90016448E /* Base */,
			);
			name = Main.storyboard;
			sourceTree = "<group>";
		};
		020D750E25C0A1AA0016448E /* LaunchScreen.storyboard */ = {
			isa = PBXVariantGroup;
			children = (
				020D750F25C0A1AA0016448E /* Base */,
			);
			name = LaunchScreen.storyboard;
			sourceTree = "<group>";
		};
/* End PBXVariantGroup section */

/* Begin XCBuildConfiguration section */
		020D751225C0A1AA0016448E /* Debug */ = {
			isa = XCBuildConfiguration;
			buildSettings = {
				ALWAYS_SEARCH_USER_PATHS = NO;
				CLANG_ANALYZER_NONNULL = YES;
				CLANG_ANALYZER_NUMBER_OBJECT_CONVERSION = YES_AGGRESSIVE;
				CLANG_CXX_LANGUAGE_STANDARD = "gnu++14";
				CLANG_CXX_LIBRARY = "libc++";
				CLANG_ENABLE_MODULES = YES;
				CLANG_ENABLE_OBJC_ARC = YES;
				CLANG_ENABLE_OBJC_WEAK = YES;
				CLANG_WARN_BLOCK_CAPTURE_AUTORELEASING = YES;
				CLANG_WARN_BOOL_CONVERSION = YES;
				CLANG_WARN_COMMA = YES;
				CLANG_WARN_CONSTANT_CONVERSION = YES;
				CLANG_WARN_DEPRECATED_OBJC_IMPLEMENTATIONS = YES;
				CLANG_WARN_DIRECT_OBJC_ISA_USAGE = YES_ERROR;
				CLANG_WARN_DOCUMENTATION_COMMENTS = YES;
				CLANG_WARN_EMPTY_BODY = YES;
				CLANG_WARN_ENUM_CONVERSION = YES;
				CLANG_WARN_INFINITE_RECURSION = YES;
				CLANG_WARN_INT_CONVERSION = YES;
				CLANG_WARN_NON_LITERAL_NULL_CONVERSION = YES;
				CLANG_WARN_OBJC_IMPLICIT_RETAIN_SELF = YES;
				CLANG_WARN_OBJC_LITERAL_CONVERSION = YES;
				CLANG_WARN_OBJC_ROOT_CLASS = YES_ERROR;
				CLANG_WARN_QUOTED_INCLUDE_IN_FRAMEWORK_HEADER = YES;
				CLANG_WARN_RANGE_LOOP_ANALYSIS = YES;
				CLANG_WARN_STRICT_PROTOTYPES = YES;
				CLANG_WARN_SUSPICIOUS_MOVE = YES;
				CLANG_WARN_UNGUARDED_AVAILABILITY = YES_AGGRESSIVE;
				CLANG_WARN_UNREACHABLE_CODE = YES;
				CLANG_WARN__DUPLICATE_METHOD_MATCH = YES;
				COPY_PHASE_STRIP = NO;
				DEBUG_INFORMATION_FORMAT = dwarf;
				ENABLE_STRICT_OBJC_MSGSEND = YES;
				ENABLE_TESTABILITY = YES;
				GCC_C_LANGUAGE_STANDARD = gnu11;
				GCC_DYNAMIC_NO_PIC = NO;
				GCC_NO_COMMON_BLOCKS = YES;
				GCC_OPTIMIZATION_LEVEL = 0;
				GCC_PREPROCESSOR_DEFINITIONS = (
					"DEBUG=1",
					"$(inherited)",
				);
				GCC_WARN_64_TO_32_BIT_CONVERSION = YES;
				GCC_WARN_ABOUT_RETURN_TYPE = YES_ERROR;
				GCC_WARN_UNDECLARED_SELECTOR = YES;
				GCC_WARN_UNINITIALIZED_AUTOS = YES_AGGRESSIVE;
				GCC_WARN_UNUSED_FUNCTION = YES;
				GCC_WARN_UNUSED_VARIABLE = YES;
				IPHONEOS_DEPLOYMENT_TARGET = 14.2;
				MTL_ENABLE_DEBUG_INFO = INCLUDE_SOURCE;
				MTL_FAST_MATH = YES;
				ONLY_ACTIVE_ARCH = YES;
				SDKROOT = iphoneos;
				SWIFT_ACTIVE_COMPILATION_CONDITIONS = DEBUG;
				SWIFT_OPTIMIZATION_LEVEL = "-Onone";
			};
			name = Debug;
		};
		020D751325C0A1AA0016448E /* Release */ = {
			isa = XCBuildConfiguration;
			buildSettings = {
				ALWAYS_SEARCH_USER_PATHS = NO;
				CLANG_ANALYZER_NONNULL = YES;
				CLANG_ANALYZER_NUMBER_OBJECT_CONVERSION = YES_AGGRESSIVE;
				CLANG_CXX_LANGUAGE_STANDARD = "gnu++14";
				CLANG_CXX_LIBRARY = "libc++";
				CLANG_ENABLE_MODULES = YES;
				CLANG_ENABLE_OBJC_ARC = YES;
				CLANG_ENABLE_OBJC_WEAK = YES;
				CLANG_WARN_BLOCK_CAPTURE_AUTORELEASING = YES;
				CLANG_WARN_BOOL_CONVERSION = YES;
				CLANG_WARN_COMMA = YES;
				CLANG_WARN_CONSTANT_CONVERSION = YES;
				CLANG_WARN_DEPRECATED_OBJC_IMPLEMENTATIONS = YES;
				CLANG_WARN_DIRECT_OBJC_ISA_USAGE = YES_ERROR;
				CLANG_WARN_DOCUMENTATION_COMMENTS = YES;
				CLANG_WARN_EMPTY_BODY = YES;
				CLANG_WARN_ENUM_CONVERSION = YES;
				CLANG_WARN_INFINITE_RECURSION = YES;
				CLANG_WARN_INT_CONVERSION = YES;
				CLANG_WARN_NON_LITERAL_NULL_CONVERSION = YES;
				CLANG_WARN_OBJC_IMPLICIT_RETAIN_SELF = YES;
				CLANG_WARN_OBJC_LITERAL_CONVERSION = YES;
				CLANG_WARN_OBJC_ROOT_CLASS = YES_ERROR;
				CLANG_WARN_QUOTED_INCLUDE_IN_FRAMEWORK_HEADER = YES;
				CLANG_WARN_RANGE_LOOP_ANALYSIS = YES;
				CLANG_WARN_STRICT_PROTOTYPES = YES;
				CLANG_WARN_SUSPICIOUS_MOVE = YES;
				CLANG_WARN_UNGUARDED_AVAILABILITY = YES_AGGRESSIVE;
				CLANG_WARN_UNREACHABLE_CODE = YES;
				CLANG_WARN__DUPLICATE_METHOD_MATCH = YES;
				COPY_PHASE_STRIP = NO;
				DEBUG_INFORMATION_FORMAT = "dwarf-with-dsym";
				ENABLE_NS_ASSERTIONS = NO;
				ENABLE_STRICT_OBJC_MSGSEND = YES;
				GCC_C_LANGUAGE_STANDARD = gnu11;
				GCC_NO_COMMON_BLOCKS = YES;
				GCC_WARN_64_TO_32_BIT_CONVERSION = YES;
				GCC_WARN_ABOUT_RETURN_TYPE = YES_ERROR;
				GCC_WARN_UNDECLARED_SELECTOR = YES;
				GCC_WARN_UNINITIALIZED_AUTOS = YES_AGGRESSIVE;
				GCC_WARN_UNUSED_FUNCTION = YES;
				GCC_WARN_UNUSED_VARIABLE = YES;
				IPHONEOS_DEPLOYMENT_TARGET = 14.2;
				MTL_ENABLE_DEBUG_INFO = NO;
				MTL_FAST_MATH = YES;
				SDKROOT = iphoneos;
				SWIFT_COMPILATION_MODE = wholemodule;
				SWIFT_OPTIMIZATION_LEVEL = "-O";
				VALIDATE_PRODUCT = YES;
			};
			name = Release;
		};
		020D751525C0A1AA0016448E /* Debug */ = {
			isa = XCBuildConfiguration;
			buildSettings = {
				ASSETCATALOG_COMPILER_APPICON_NAME = AppIcon;
				ASSETCATALOG_COMPILER_GLOBAL_ACCENT_COLOR_NAME = AccentColor;
				CODE_SIGN_STYLE = Automatic;
				INFOPLIST_FILE = NotebooksApp/Info.plist;
				LD_RUNPATH_SEARCH_PATHS = (
					"$(inherited)",
					"@executable_path/Frameworks",
				);
				PRODUCT_BUNDLE_IDENTIFIER = com.nostapps.NotebooksApp;
				PRODUCT_NAME = "$(TARGET_NAME)";
				SWIFT_VERSION = 5.0;
				TARGETED_DEVICE_FAMILY = "1,2";
			};
			name = Debug;
		};
		020D751625C0A1AA0016448E /* Release */ = {
			isa = XCBuildConfiguration;
			buildSettings = {
				ASSETCATALOG_COMPILER_APPICON_NAME = AppIcon;
				ASSETCATALOG_COMPILER_GLOBAL_ACCENT_COLOR_NAME = AccentColor;
				CODE_SIGN_STYLE = Automatic;
				INFOPLIST_FILE = NotebooksApp/Info.plist;
				LD_RUNPATH_SEARCH_PATHS = (
					"$(inherited)",
					"@executable_path/Frameworks",
				);
				PRODUCT_BUNDLE_IDENTIFIER = com.nostapps.NotebooksApp;
				PRODUCT_NAME = "$(TARGET_NAME)";
				SWIFT_VERSION = 5.0;
				TARGETED_DEVICE_FAMILY = "1,2";
			};
			name = Release;
		};
		02563B5625C71EA7004B565F /* Debug */ = {
			isa = XCBuildConfiguration;
			buildSettings = {
				BUNDLE_LOADER = "$(TEST_HOST)";
				CODE_SIGN_STYLE = Automatic;
				INFOPLIST_FILE = NotebooksAppTests/Info.plist;
				LD_RUNPATH_SEARCH_PATHS = (
					"$(inherited)",
					"@executable_path/Frameworks",
					"@loader_path/Frameworks",
				);
				PRODUCT_BUNDLE_IDENTIFIER = com.nostapps.NotebooksAppTests;
				PRODUCT_NAME = "$(TARGET_NAME)";
				SWIFT_VERSION = 5.0;
				TARGETED_DEVICE_FAMILY = "1,2";
				TEST_HOST = "$(BUILT_PRODUCTS_DIR)/NotebooksApp.app/NotebooksApp";
			};
			name = Debug;
		};
		02563B5725C71EA7004B565F /* Release */ = {
			isa = XCBuildConfiguration;
			buildSettings = {
				BUNDLE_LOADER = "$(TEST_HOST)";
				CODE_SIGN_STYLE = Automatic;
				INFOPLIST_FILE = NotebooksAppTests/Info.plist;
				LD_RUNPATH_SEARCH_PATHS = (
					"$(inherited)",
					"@executable_path/Frameworks",
					"@loader_path/Frameworks",
				);
				PRODUCT_BUNDLE_IDENTIFIER = com.nostapps.NotebooksAppTests;
				PRODUCT_NAME = "$(TARGET_NAME)";
				SWIFT_VERSION = 5.0;
				TARGETED_DEVICE_FAMILY = "1,2";
				TEST_HOST = "$(BUILT_PRODUCTS_DIR)/NotebooksApp.app/NotebooksApp";
			};
			name = Release;
		};
/* End XCBuildConfiguration section */

/* Begin XCConfigurationList section */
		020D74F825C0A1A80016448E /* Build configuration list for PBXProject "NotebooksApp" */ = {
			isa = XCConfigurationList;
			buildConfigurations = (
				020D751225C0A1AA0016448E /* Debug */,
				020D751325C0A1AA0016448E /* Release */,
			);
			defaultConfigurationIsVisible = 0;
			defaultConfigurationName = Release;
		};
		020D751425C0A1AA0016448E /* Build configuration list for PBXNativeTarget "NotebooksApp" */ = {
			isa = XCConfigurationList;
			buildConfigurations = (
				020D751525C0A1AA0016448E /* Debug */,
				020D751625C0A1AA0016448E /* Release */,
			);
			defaultConfigurationIsVisible = 0;
			defaultConfigurationName = Release;
		};
		02563B5825C71EA7004B565F /* Build configuration list for PBXNativeTarget "NotebooksAppTests" */ = {
			isa = XCConfigurationList;
			buildConfigurations = (
				02563B5625C71EA7004B565F /* Debug */,
				02563B5725C71EA7004B565F /* Release */,
			);
			defaultConfigurationIsVisible = 0;
			defaultConfigurationName = Release;
		};
/* End XCConfigurationList section */

/* Begin XCVersionGroup section */
		020D750925C0A1A90016448E /* NotebooksApp.xcdatamodeld */ = {
			isa = XCVersionGroup;
			children = (
				020D750A25C0A1A90016448E /* NotebooksApp.xcdatamodel */,
			);
			currentVersion = 020D750A25C0A1A90016448E /* NotebooksApp.xcdatamodel */;
			path = NotebooksApp.xcdatamodeld;
			sourceTree = "<group>";
			versionGroupType = wrapper.xcdatamodel;
		};
/* End XCVersionGroup section */
	};
	rootObject = 020D74F525C0A1A80016448E /* Project object */;
}
